
Microsoft Visual Studio Solution File, Format Version 12.00
# Visual Studio 14
VisualStudioVersion = 14.0.24720.0
MinimumVisualStudioVersion = 14.0.23107.0
Project("{FAE04EC0-301F-11D3-BF4B-00C04F79EFBC}") = "DifferenceEngine", "DifferenceEngine\DifferenceEngine.csproj", "{8AE4897A-EA74-49B1-BA55-D892C27AF9C9}"
EndProject
Project("{F2A71F9B-5D33-465A-A702-920D77279786}") = "SonarRestService", "SonarRestService\SonarRestService.fsproj", "{64728A55-1166-4EC6-B066-22C4E01FC1C7}"
EndProject
Project("{F2A71F9B-5D33-465A-A702-920D77279786}") = "SonarRestService.Test", "SonarRestService.Test\SonarRestService.Test.fsproj", "{B9A5F92C-0B80-426C-B0D7-F94C26E6B77D}"
EndProject
Project("{FAE04EC0-301F-11D3-BF4B-00C04F79EFBC}") = "VSSonarPlugins", "VSSonarPlugins\VSSonarPlugins.csproj", "{3311C918-B662-436D-8BC8-F38B447B1414}"
EndProject
Project("{F2A71F9B-5D33-465A-A702-920D77279786}") = "SonarLocalAnalyser", "SonarLocalAnalyser\SonarLocalAnalyser.fsproj", "{A7D09C0C-EFC5-4662-83B6-DAE14E68C94C}"
EndProject
Project("{F2A71F9B-5D33-465A-A702-920D77279786}") = "SonarLocalAnalyser.Test", "SonarLocalAnalyser.Test\SonarLocalAnalyser.Test.fsproj", "{0356E7DE-C73C-431E-8B7D-7AB2024C4756}"
EndProject
Project("{FAE04EC0-301F-11D3-BF4B-00C04F79EFBC}") = "VSSonarExtensionUi", "VSSonarExtensionUi\VSSonarExtensionUi.csproj", "{BC583A5D-931B-4ED9-AC2C-5667A37B3043}"
EndProject
Project("{FAE04EC0-301F-11D3-BF4B-00C04F79EFBC}") = "VSSonarQubeStandalone", "VSSonarQubeStandalone\VSSonarQubeStandalone.csproj", "{B9B03BEF-2B09-43C3-A14E-E297E2100FE1}"
EndProject
Project("{FAE04EC0-301F-11D3-BF4B-00C04F79EFBC}") = "VSSonarExtensionMetroVs2015", "VSSonarQubeExtensionMetro\VSSonarExtensionMetroVs2015.csproj", "{00245123-FEBB-4AF3-99E5-223142A598C8}"
EndProject
Project("{F2A71F9B-5D33-465A-A702-920D77279786}") = "VSSonarQubeCmdExecutor", "VSSonarQubeCmdExecutor\VSSonarQubeCmdExecutor.fsproj", "{9B154406-0AF6-45A9-BF32-9C5C23822B6B}"
EndProject
Project("{FAE04EC0-301F-11D3-BF4B-00C04F79EFBC}") = "VSSonarExtensionUi.Test", "VSSonarExtensionUi.Test\VSSonarExtensionUi.Test.csproj", "{000DE400-B843-4C58-8A20-8ED95FE91FD3}"
EndProject
Global
	GlobalSection(SolutionConfigurationPlatforms) = preSolution
		Debug|Any CPU = Debug|Any CPU
		Release|Any CPU = Release|Any CPU
	EndGlobalSection
	GlobalSection(ProjectConfigurationPlatforms) = postSolution
		{8AE4897A-EA74-49B1-BA55-D892C27AF9C9}.Debug|Any CPU.ActiveCfg = Debug|Any CPU
		{8AE4897A-EA74-49B1-BA55-D892C27AF9C9}.Debug|Any CPU.Build.0 = Debug|Any CPU
		{8AE4897A-EA74-49B1-BA55-D892C27AF9C9}.Release|Any CPU.ActiveCfg = Release|Any CPU
		{8AE4897A-EA74-49B1-BA55-D892C27AF9C9}.Release|Any CPU.Build.0 = Release|Any CPU
		{64728A55-1166-4EC6-B066-22C4E01FC1C7}.Debug|Any CPU.ActiveCfg = Debug|Any CPU
		{64728A55-1166-4EC6-B066-22C4E01FC1C7}.Debug|Any CPU.Build.0 = Debug|Any CPU
		{64728A55-1166-4EC6-B066-22C4E01FC1C7}.Release|Any CPU.ActiveCfg = Release|Any CPU
		{64728A55-1166-4EC6-B066-22C4E01FC1C7}.Release|Any CPU.Build.0 = Release|Any CPU
		{B9A5F92C-0B80-426C-B0D7-F94C26E6B77D}.Debug|Any CPU.ActiveCfg = Debug|Any CPU
		{B9A5F92C-0B80-426C-B0D7-F94C26E6B77D}.Debug|Any CPU.Build.0 = Debug|Any CPU
		{B9A5F92C-0B80-426C-B0D7-F94C26E6B77D}.Release|Any CPU.ActiveCfg = Release|Any CPU
		{B9A5F92C-0B80-426C-B0D7-F94C26E6B77D}.Release|Any CPU.Build.0 = Release|Any CPU
		{3311C918-B662-436D-8BC8-F38B447B1414}.Debug|Any CPU.ActiveCfg = Debug|Any CPU
		{3311C918-B662-436D-8BC8-F38B447B1414}.Debug|Any CPU.Build.0 = Debug|Any CPU
		{3311C918-B662-436D-8BC8-F38B447B1414}.Release|Any CPU.ActiveCfg = Release|Any CPU
		{3311C918-B662-436D-8BC8-F38B447B1414}.Release|Any CPU.Build.0 = Release|Any CPU
		{A7D09C0C-EFC5-4662-83B6-DAE14E68C94C}.Debug|Any CPU.ActiveCfg = Debug|Any CPU
		{A7D09C0C-EFC5-4662-83B6-DAE14E68C94C}.Debug|Any CPU.Build.0 = Debug|Any CPU
		{A7D09C0C-EFC5-4662-83B6-DAE14E68C94C}.Release|Any CPU.ActiveCfg = Release|Any CPU
		{A7D09C0C-EFC5-4662-83B6-DAE14E68C94C}.Release|Any CPU.Build.0 = Release|Any CPU
		{0356E7DE-C73C-431E-8B7D-7AB2024C4756}.Debug|Any CPU.ActiveCfg = Debug|Any CPU
		{0356E7DE-C73C-431E-8B7D-7AB2024C4756}.Debug|Any CPU.Build.0 = Debug|Any CPU
		{0356E7DE-C73C-431E-8B7D-7AB2024C4756}.Release|Any CPU.ActiveCfg = Release|Any CPU
		{0356E7DE-C73C-431E-8B7D-7AB2024C4756}.Release|Any CPU.Build.0 = Release|Any CPU
		{BC583A5D-931B-4ED9-AC2C-5667A37B3043}.Debug|Any CPU.ActiveCfg = Debug|Any CPU
		{BC583A5D-931B-4ED9-AC2C-5667A37B3043}.Debug|Any CPU.Build.0 = Debug|Any CPU
		{BC583A5D-931B-4ED9-AC2C-5667A37B3043}.Release|Any CPU.ActiveCfg = Release|Any CPU
		{BC583A5D-931B-4ED9-AC2C-5667A37B3043}.Release|Any CPU.Build.0 = Release|Any CPU
		{B9B03BEF-2B09-43C3-A14E-E297E2100FE1}.Debug|Any CPU.ActiveCfg = Debug|Any CPU
		{B9B03BEF-2B09-43C3-A14E-E297E2100FE1}.Debug|Any CPU.Build.0 = Debug|Any CPU
		{B9B03BEF-2B09-43C3-A14E-E297E2100FE1}.Release|Any CPU.ActiveCfg = Release|Any CPU
		{B9B03BEF-2B09-43C3-A14E-E297E2100FE1}.Release|Any CPU.Build.0 = Release|Any CPU
		{00245123-FEBB-4AF3-99E5-223142A598C8}.Debug|Any CPU.ActiveCfg = Debug|Any CPU
		{00245123-FEBB-4AF3-99E5-223142A598C8}.Debug|Any CPU.Build.0 = Debug|Any CPU
		{00245123-FEBB-4AF3-99E5-223142A598C8}.Release|Any CPU.ActiveCfg = Release|Any CPU
		{00245123-FEBB-4AF3-99E5-223142A598C8}.Release|Any CPU.Build.0 = Release|Any CPU
		{9B154406-0AF6-45A9-BF32-9C5C23822B6B}.Debug|Any CPU.ActiveCfg = Debug|Any CPU
		{9B154406-0AF6-45A9-BF32-9C5C23822B6B}.Debug|Any CPU.Build.0 = Debug|Any CPU
		{9B154406-0AF6-45A9-BF32-9C5C23822B6B}.Release|Any CPU.ActiveCfg = Release|Any CPU
		{9B154406-0AF6-45A9-BF32-9C5C23822B6B}.Release|Any CPU.Build.0 = Release|Any CPU
		{000DE400-B843-4C58-8A20-8ED95FE91FD3}.Debug|Any CPU.ActiveCfg = Debug|Any CPU
		{000DE400-B843-4C58-8A20-8ED95FE91FD3}.Release|Any CPU.ActiveCfg = Release|Any CPU
		{000DE400-B843-4C58-8A20-8ED95FE91FD3}.Release|Any CPU.Build.0 = Release|Any CPU
	EndGlobalSection
	GlobalSection(SolutionProperties) = preSolution
		HideSolutionNode = FALSE
	EndGlobalSection
EndGlobal
