
Microsoft Visual Studio Solution File, Format Version 12.00
# Visual Studio 2012
Project("{2150E333-8FDC-42A3-9474-1A3956D46DE8}") = ".nuget", ".nuget", "{CD5D310E-CCF3-44E3-AFEE-FF03D83BDE35}"
	ProjectSection(SolutionItems) = preProject
		.nuget\NuGet.Config = .nuget\NuGet.Config
		.nuget\NuGet.exe = .nuget\NuGet.exe
		.nuget\NuGet.targets = .nuget\NuGet.targets
	EndProjectSection
EndProject
Project("{FAE04EC0-301F-11D3-BF4B-00C04F79EFBC}") = "VSSonarExtension", "VSSonarExtension\VSSonarExtension.csproj", "{7D094D65-9165-4FFC-A6E4-CAEE27A64FAD}"
EndProject
Project("{FAE04EC0-301F-11D3-BF4B-00C04F79EFBC}") = "VSSonarExtension.Test", "VSSonarExtension.Test\VSSonarExtension.Test.csproj", "{2DD5EFBB-A28F-4A4F-BBDD-1394B4634C77}"
EndProject
Project("{FAE04EC0-301F-11D3-BF4B-00C04F79EFBC}") = "DiffCalc", "DiffCalc\DiffCalc.csproj", "{CA9B6FA7-9A52-49E9-9387-22C82B0F8962}"
EndProject
Project("{FAE04EC0-301F-11D3-BF4B-00C04F79EFBC}") = "DifferenceEngine", "DifferenceEngine\DifferenceEngine.csproj", "{8AE4897A-EA74-49B1-BA55-D892C27AF9C9}"
EndProject
Project("{F2A71F9B-5D33-465A-A702-920D77279786}") = "SonarRestService", "SonarRestService\SonarRestService.fsproj", "{64728A55-1166-4EC6-B066-22C4E01FC1C7}"
EndProject
Project("{F2A71F9B-5D33-465A-A702-920D77279786}") = "SonarRestService.Test", "SonarRestService.Test\SonarRestService.Test.fsproj", "{B9A5F92C-0B80-426C-B0D7-F94C26E6B77D}"
EndProject
Project("{FAE04EC0-301F-11D3-BF4B-00C04F79EFBC}") = "ExtensionViewModel", "ExtensionViewModel\ExtensionViewModel.csproj", "{BE15869A-B7F6-459E-93F9-E4C9130DB42B}"
EndProject
Project("{FAE04EC0-301F-11D3-BF4B-00C04F79EFBC}") = "ExtensionView", "ExtensionView\ExtensionView.csproj", "{709C3CCE-FBF8-4B7E-B211-DCD402AEFC3D}"
EndProject
Project("{FAE04EC0-301F-11D3-BF4B-00C04F79EFBC}") = "ExtensionViewModel.Test", "ExtensionViewModel.Test\ExtensionViewModel.Test.csproj", "{9CDCB1D8-0D3B-4071-9F9D-B1A2A2B9DA46}"
EndProject
Project("{FAE04EC0-301F-11D3-BF4B-00C04F79EFBC}") = "ExtensionTypes", "ExtensionTypes\ExtensionTypes.csproj", "{75A39A9B-06B2-4249-9D3C-C2319951BC53}"
EndProject
Project("{FAE04EC0-301F-11D3-BF4B-00C04F79EFBC}") = "ExtensionView.Test", "ExtensionView.Test\ExtensionView.Test.csproj", "{0D387FF9-B4C0-4BA3-B845-B51C2E3F0239}"
EndProject
Project("{FAE04EC0-301F-11D3-BF4B-00C04F79EFBC}") = "ExtensionHelpers", "ExtensionHelpers\ExtensionHelpers.csproj", "{82914BC7-EEE5-49E7-AC2B-A7451A7A797D}"
EndProject
Project("{FAE04EC0-301F-11D3-BF4B-00C04F79EFBC}") = "ExtensionHelpers.Test", "ExtensionHelpers.Test\ExtensionHelpers.Test.csproj", "{CEE9747C-4A18-46D3-8BAA-F07902C09843}"
EndProject
Project("{FAE04EC0-301F-11D3-BF4B-00C04F79EFBC}") = "VSSonarPlugins", "VSSonarPlugins\VSSonarPlugins.csproj", "{3311C918-B662-436D-8BC8-F38B447B1414}"
EndProject
Global
	GlobalSection(SolutionConfigurationPlatforms) = preSolution
		Debug|Any CPU = Debug|Any CPU
		Release|Any CPU = Release|Any CPU
	EndGlobalSection
	GlobalSection(ProjectConfigurationPlatforms) = postSolution
		{7D094D65-9165-4FFC-A6E4-CAEE27A64FAD}.Debug|Any CPU.ActiveCfg = Debug|Any CPU
		{7D094D65-9165-4FFC-A6E4-CAEE27A64FAD}.Debug|Any CPU.Build.0 = Debug|Any CPU
		{7D094D65-9165-4FFC-A6E4-CAEE27A64FAD}.Release|Any CPU.ActiveCfg = Release|Any CPU
		{7D094D65-9165-4FFC-A6E4-CAEE27A64FAD}.Release|Any CPU.Build.0 = Release|Any CPU
		{2DD5EFBB-A28F-4A4F-BBDD-1394B4634C77}.Debug|Any CPU.ActiveCfg = Debug|Any CPU
		{2DD5EFBB-A28F-4A4F-BBDD-1394B4634C77}.Debug|Any CPU.Build.0 = Debug|Any CPU
		{2DD5EFBB-A28F-4A4F-BBDD-1394B4634C77}.Release|Any CPU.ActiveCfg = Release|Any CPU
		{2DD5EFBB-A28F-4A4F-BBDD-1394B4634C77}.Release|Any CPU.Build.0 = Release|Any CPU
		{CA9B6FA7-9A52-49E9-9387-22C82B0F8962}.Debug|Any CPU.ActiveCfg = Debug|Any CPU
		{CA9B6FA7-9A52-49E9-9387-22C82B0F8962}.Debug|Any CPU.Build.0 = Debug|Any CPU
		{CA9B6FA7-9A52-49E9-9387-22C82B0F8962}.Release|Any CPU.ActiveCfg = Release|Any CPU
		{CA9B6FA7-9A52-49E9-9387-22C82B0F8962}.Release|Any CPU.Build.0 = Release|Any CPU
		{8AE4897A-EA74-49B1-BA55-D892C27AF9C9}.Debug|Any CPU.ActiveCfg = Debug|Any CPU
		{8AE4897A-EA74-49B1-BA55-D892C27AF9C9}.Debug|Any CPU.Build.0 = Debug|Any CPU
		{8AE4897A-EA74-49B1-BA55-D892C27AF9C9}.Release|Any CPU.ActiveCfg = Release|Any CPU
		{8AE4897A-EA74-49B1-BA55-D892C27AF9C9}.Release|Any CPU.Build.0 = Release|Any CPU
		{64728A55-1166-4EC6-B066-22C4E01FC1C7}.Debug|Any CPU.ActiveCfg = Debug|Any CPU
		{64728A55-1166-4EC6-B066-22C4E01FC1C7}.Debug|Any CPU.Build.0 = Debug|Any CPU
		{64728A55-1166-4EC6-B066-22C4E01FC1C7}.Release|Any CPU.ActiveCfg = Release|Any CPU
		{64728A55-1166-4EC6-B066-22C4E01FC1C7}.Release|Any CPU.Build.0 = Release|Any CPU
		{B9A5F92C-0B80-426C-B0D7-F94C26E6B77D}.Debug|Any CPU.ActiveCfg = Debug|Any CPU
		{B9A5F92C-0B80-426C-B0D7-F94C26E6B77D}.Debug|Any CPU.Build.0 = Debug|Any CPU
		{B9A5F92C-0B80-426C-B0D7-F94C26E6B77D}.Release|Any CPU.ActiveCfg = Release|Any CPU
		{B9A5F92C-0B80-426C-B0D7-F94C26E6B77D}.Release|Any CPU.Build.0 = Release|Any CPU
		{BE15869A-B7F6-459E-93F9-E4C9130DB42B}.Debug|Any CPU.ActiveCfg = Debug|Any CPU
		{BE15869A-B7F6-459E-93F9-E4C9130DB42B}.Debug|Any CPU.Build.0 = Debug|Any CPU
		{BE15869A-B7F6-459E-93F9-E4C9130DB42B}.Release|Any CPU.ActiveCfg = Release|Any CPU
		{BE15869A-B7F6-459E-93F9-E4C9130DB42B}.Release|Any CPU.Build.0 = Release|Any CPU
		{709C3CCE-FBF8-4B7E-B211-DCD402AEFC3D}.Debug|Any CPU.ActiveCfg = Debug|Any CPU
		{709C3CCE-FBF8-4B7E-B211-DCD402AEFC3D}.Debug|Any CPU.Build.0 = Debug|Any CPU
		{709C3CCE-FBF8-4B7E-B211-DCD402AEFC3D}.Release|Any CPU.ActiveCfg = Release|Any CPU
		{709C3CCE-FBF8-4B7E-B211-DCD402AEFC3D}.Release|Any CPU.Build.0 = Release|Any CPU
		{9CDCB1D8-0D3B-4071-9F9D-B1A2A2B9DA46}.Debug|Any CPU.ActiveCfg = Debug|Any CPU
		{9CDCB1D8-0D3B-4071-9F9D-B1A2A2B9DA46}.Debug|Any CPU.Build.0 = Debug|Any CPU
		{9CDCB1D8-0D3B-4071-9F9D-B1A2A2B9DA46}.Release|Any CPU.ActiveCfg = Release|Any CPU
		{9CDCB1D8-0D3B-4071-9F9D-B1A2A2B9DA46}.Release|Any CPU.Build.0 = Release|Any CPU
		{75A39A9B-06B2-4249-9D3C-C2319951BC53}.Debug|Any CPU.ActiveCfg = Debug|Any CPU
		{75A39A9B-06B2-4249-9D3C-C2319951BC53}.Debug|Any CPU.Build.0 = Debug|Any CPU
		{75A39A9B-06B2-4249-9D3C-C2319951BC53}.Release|Any CPU.ActiveCfg = Release|Any CPU
		{75A39A9B-06B2-4249-9D3C-C2319951BC53}.Release|Any CPU.Build.0 = Release|Any CPU
		{0D387FF9-B4C0-4BA3-B845-B51C2E3F0239}.Debug|Any CPU.ActiveCfg = Debug|Any CPU
		{0D387FF9-B4C0-4BA3-B845-B51C2E3F0239}.Debug|Any CPU.Build.0 = Debug|Any CPU
		{0D387FF9-B4C0-4BA3-B845-B51C2E3F0239}.Release|Any CPU.ActiveCfg = Release|Any CPU
		{0D387FF9-B4C0-4BA3-B845-B51C2E3F0239}.Release|Any CPU.Build.0 = Release|Any CPU
		{82914BC7-EEE5-49E7-AC2B-A7451A7A797D}.Debug|Any CPU.ActiveCfg = Debug|Any CPU
		{82914BC7-EEE5-49E7-AC2B-A7451A7A797D}.Debug|Any CPU.Build.0 = Debug|Any CPU
		{82914BC7-EEE5-49E7-AC2B-A7451A7A797D}.Release|Any CPU.ActiveCfg = Release|Any CPU
		{82914BC7-EEE5-49E7-AC2B-A7451A7A797D}.Release|Any CPU.Build.0 = Release|Any CPU
		{CEE9747C-4A18-46D3-8BAA-F07902C09843}.Debug|Any CPU.ActiveCfg = Debug|Any CPU
		{CEE9747C-4A18-46D3-8BAA-F07902C09843}.Debug|Any CPU.Build.0 = Debug|Any CPU
		{CEE9747C-4A18-46D3-8BAA-F07902C09843}.Release|Any CPU.ActiveCfg = Release|Any CPU
		{CEE9747C-4A18-46D3-8BAA-F07902C09843}.Release|Any CPU.Build.0 = Release|Any CPU
		{3311C918-B662-436D-8BC8-F38B447B1414}.Debug|Any CPU.ActiveCfg = Debug|Any CPU
		{3311C918-B662-436D-8BC8-F38B447B1414}.Debug|Any CPU.Build.0 = Debug|Any CPU
		{3311C918-B662-436D-8BC8-F38B447B1414}.Release|Any CPU.ActiveCfg = Release|Any CPU
		{3311C918-B662-436D-8BC8-F38B447B1414}.Release|Any CPU.Build.0 = Release|Any CPU
	EndGlobalSection
	GlobalSection(SolutionProperties) = preSolution
		HideSolutionNode = FALSE
	EndGlobalSection
EndGlobal
