
Microsoft Visual Studio Solution File, Format Version 12.00
# Visual Studio 15
VisualStudioVersion = 15.0.25914.0
MinimumVisualStudioVersion = 15.0.23107.0
Project("{FAE04EC0-301F-11D3-BF4B-00C04F79EFBC}") = "DifferenceEngine", "DifferenceEngine\DifferenceEngine.csproj", "{8AE4897A-EA74-49B1-BA55-D892C27AF9C9}"
EndProject
Project("{F2A71F9B-5D33-465A-A702-920D77279786}") = "SonarRestService", "SonarRestService\SonarRestService.fsproj", "{64728A55-1166-4EC6-B066-22C4E01FC1C7}"
EndProject
Project("{F2A71F9B-5D33-465A-A702-920D77279786}") = "SonarRestService.Test", "SonarRestService.Test\SonarRestService.Test.fsproj", "{B9A5F92C-0B80-426C-B0D7-F94C26E6B77D}"
EndProject
Project("{F2A71F9B-5D33-465A-A702-920D77279786}") = "SonarLocalAnalyser", "SonarLocalAnalyser\SonarLocalAnalyser.fsproj", "{A7D09C0C-EFC5-4662-83B6-DAE14E68C94C}"
EndProject
Project("{F2A71F9B-5D33-465A-A702-920D77279786}") = "SonarLocalAnalyser.Test", "SonarLocalAnalyser.Test\SonarLocalAnalyser.Test.fsproj", "{0356E7DE-C73C-431E-8B7D-7AB2024C4756}"
EndProject
Project("{FAE04EC0-301F-11D3-BF4B-00C04F79EFBC}") = "VSSonarExtensionUi", "VSSonarExtensionUi\VSSonarExtensionUi.csproj", "{BC583A5D-931B-4ED9-AC2C-5667A37B3043}"
EndProject
Project("{FAE04EC0-301F-11D3-BF4B-00C04F79EFBC}") = "VSSonarQubeStandalone", "VSSonarQubeStandalone\VSSonarQubeStandalone.csproj", "{B9B03BEF-2B09-43C3-A14E-E297E2100FE1}"
EndProject
Project("{FAE04EC0-301F-11D3-BF4B-00C04F79EFBC}") = "VSSonarExtensionMetroVs2017", "VSSonarQubeExtensionMetro\VSSonarExtensionMetroVs2017.csproj", "{00245123-FEBB-4AF3-99E5-223142A598C8}"
EndProject
Project("{F2A71F9B-5D33-465A-A702-920D77279786}") = "VSSonarQubeCmdExecutor", "VSSonarQubeCmdExecutor\VSSonarQubeCmdExecutor.fsproj", "{9B154406-0AF6-45A9-BF32-9C5C23822B6B}"
EndProject
Project("{FAE04EC0-301F-11D3-BF4B-00C04F79EFBC}") = "VSSonarExtensionUi.Test", "VSSonarExtensionUi.Test\VSSonarExtensionUi.Test.csproj", "{000DE400-B843-4C58-8A20-8ED95FE91FD3}"
EndProject
Project("{2150E333-8FDC-42A3-9474-1A3956D46DE8}") = "plugins", "plugins", "{468F14C9-25EE-4E61-91F0-CB4415E48A6C}"
EndProject
Project("{2150E333-8FDC-42A3-9474-1A3956D46DE8}") = "Test", "Test", "{472161E9-B67F-444A-A33F-3095A928FA48}"
EndProject
Project("{FAE04EC0-301F-11D3-BF4B-00C04F79EFBC}") = "CxxPlugin", "plugins\CxxPlugin\CxxPlugin\CxxPlugin.csproj", "{3755A099-7EE1-4593-9BB0-50DA67039C99}"
EndProject
Project("{FAE04EC0-301F-11D3-BF4B-00C04F79EFBC}") = "CxxPlugin.Test", "plugins\CxxPlugin\CxxPlugin.Test\CxxPlugin.Test.csproj", "{04CDA1BF-6FC4-4813-B299-4BDF8B8AE696}"
EndProject
Project("{F2A71F9B-5D33-465A-A702-920D77279786}") = "AnalysisPlugin", "plugins\DotNetAndFSharpPlugin\src\AnalysisPlugin\AnalysisPlugin.fsproj", "{964F11D4-DB1A-4032-B532-F2351DA730BE}"
EndProject
Project("{F2A71F9B-5D33-465A-A702-920D77279786}") = "FSharpLintRunner", "plugins\DotNetAndFSharpPlugin\src\FSharpLintRunner\FSharpLintRunner.fsproj", "{855E39DF-F247-4D3E-A20C-50075656E70B}"
EndProject
Project("{F2A71F9B-5D33-465A-A702-920D77279786}") = "FxCopRunner", "plugins\DotNetAndFSharpPlugin\src\FxCopRunner\FxCopRunner.fsproj", "{6CF09EE9-3B4B-483A-BA09-1E4997CC4321}"
EndProject
Project("{F2A71F9B-5D33-465A-A702-920D77279786}") = "NSonarQubeRunner", "plugins\DotNetAndFSharpPlugin\src\NSonarQubeRunner\NSonarQubeRunner.fsproj", "{AB78A0F2-0C05-4822-B0B8-0F9486498774}"
EndProject
Project("{FAE04EC0-301F-11D3-BF4B-00C04F79EFBC}") = "PluginsOptionsController", "plugins\DotNetAndFSharpPlugin\src\PluginsOptionsController\PluginsOptionsController.csproj", "{7972423C-6BBD-4C1C-B970-5F9AFCB44824}"
EndProject
Project("{F2A71F9B-5D33-465A-A702-920D77279786}") = "StyleCopRunner", "plugins\DotNetAndFSharpPlugin\src\StyleCopRunner\StyleCopRunner.fsproj", "{EA87904C-7234-4F0E-A893-3636E38CC12C}"
EndProject
Project("{FAE04EC0-301F-11D3-BF4B-00C04F79EFBC}") = "ProjectDuplicationTracker", "plugins\DuplicationPlugin\ProjectDuplicationTracker\ProjectDuplicationTracker.csproj", "{85E73E45-5F74-4A58-9F07-E19BDCEF3C1F}"
EndProject
Project("{FAE04EC0-301F-11D3-BF4B-00C04F79EFBC}") = "StandaloneDuplicationTracker", "plugins\DuplicationPlugin\StandaloneDuplicationTracker\StandaloneDuplicationTracker.csproj", "{F5045AA6-B1EC-48B5-85E3-903B5FEE8E2A}"
EndProject
Project("{FAE04EC0-301F-11D3-BF4B-00C04F79EFBC}") = "SQGitPlugin", "plugins\GitPlugin\GitPlugin\SQGitPlugin.csproj", "{4E848DA2-236E-4030-9C03-5B8FCD138843}"
EndProject
Project("{FAE04EC0-301F-11D3-BF4B-00C04F79EFBC}") = "JiraConnector", "plugins\vssqjiraplugin\JiraConnector\JiraConnector.csproj", "{E352D05E-8149-4DA2-A7F2-C6DBA08350D3}"
EndProject
Project("{FAE04EC0-301F-11D3-BF4B-00C04F79EFBC}") = "VSSQJiraPlugin", "plugins\vssqjiraplugin\VSSQJiraPlugin\VSSQJiraPlugin.csproj", "{1576C435-186D-4502-B8E2-070E8EB94F60}"
EndProject
Project("{2150E333-8FDC-42A3-9474-1A3956D46DE8}") = "libs", "libs", "{D3A004A0-6784-4D1A-BC94-F070C2846400}"
EndProject
Project("{FAE04EC0-301F-11D3-BF4B-00C04F79EFBC}") = "VSSonarPlugins", "VSSonarPlugins\VSSonarPlugins.csproj", "{3311C918-B662-436D-8BC8-F38B447B1414}"
EndProject
Global
	GlobalSection(SolutionConfigurationPlatforms) = preSolution
		Debug|Any CPU = Debug|Any CPU
		Release|Any CPU = Release|Any CPU
	EndGlobalSection
	GlobalSection(ProjectConfigurationPlatforms) = postSolution
		{8AE4897A-EA74-49B1-BA55-D892C27AF9C9}.Debug|Any CPU.ActiveCfg = Debug|Any CPU
		{8AE4897A-EA74-49B1-BA55-D892C27AF9C9}.Debug|Any CPU.Build.0 = Debug|Any CPU
		{8AE4897A-EA74-49B1-BA55-D892C27AF9C9}.Release|Any CPU.ActiveCfg = Release|Any CPU
		{8AE4897A-EA74-49B1-BA55-D892C27AF9C9}.Release|Any CPU.Build.0 = Release|Any CPU
		{64728A55-1166-4EC6-B066-22C4E01FC1C7}.Debug|Any CPU.ActiveCfg = Debug|Any CPU
		{64728A55-1166-4EC6-B066-22C4E01FC1C7}.Debug|Any CPU.Build.0 = Debug|Any CPU
		{64728A55-1166-4EC6-B066-22C4E01FC1C7}.Release|Any CPU.ActiveCfg = Release|Any CPU
		{64728A55-1166-4EC6-B066-22C4E01FC1C7}.Release|Any CPU.Build.0 = Release|Any CPU
		{B9A5F92C-0B80-426C-B0D7-F94C26E6B77D}.Debug|Any CPU.ActiveCfg = Debug|Any CPU
		{B9A5F92C-0B80-426C-B0D7-F94C26E6B77D}.Debug|Any CPU.Build.0 = Debug|Any CPU
		{B9A5F92C-0B80-426C-B0D7-F94C26E6B77D}.Release|Any CPU.ActiveCfg = Release|Any CPU
		{B9A5F92C-0B80-426C-B0D7-F94C26E6B77D}.Release|Any CPU.Build.0 = Release|Any CPU
		{A7D09C0C-EFC5-4662-83B6-DAE14E68C94C}.Debug|Any CPU.ActiveCfg = Debug|Any CPU
		{A7D09C0C-EFC5-4662-83B6-DAE14E68C94C}.Debug|Any CPU.Build.0 = Debug|Any CPU
		{A7D09C0C-EFC5-4662-83B6-DAE14E68C94C}.Release|Any CPU.ActiveCfg = Release|Any CPU
		{A7D09C0C-EFC5-4662-83B6-DAE14E68C94C}.Release|Any CPU.Build.0 = Release|Any CPU
		{0356E7DE-C73C-431E-8B7D-7AB2024C4756}.Debug|Any CPU.ActiveCfg = Debug|Any CPU
		{0356E7DE-C73C-431E-8B7D-7AB2024C4756}.Debug|Any CPU.Build.0 = Debug|Any CPU
		{0356E7DE-C73C-431E-8B7D-7AB2024C4756}.Release|Any CPU.ActiveCfg = Release|Any CPU
		{0356E7DE-C73C-431E-8B7D-7AB2024C4756}.Release|Any CPU.Build.0 = Release|Any CPU
		{BC583A5D-931B-4ED9-AC2C-5667A37B3043}.Debug|Any CPU.ActiveCfg = Debug|Any CPU
		{BC583A5D-931B-4ED9-AC2C-5667A37B3043}.Debug|Any CPU.Build.0 = Debug|Any CPU
		{BC583A5D-931B-4ED9-AC2C-5667A37B3043}.Release|Any CPU.ActiveCfg = Release|Any CPU
		{BC583A5D-931B-4ED9-AC2C-5667A37B3043}.Release|Any CPU.Build.0 = Release|Any CPU
		{B9B03BEF-2B09-43C3-A14E-E297E2100FE1}.Debug|Any CPU.ActiveCfg = Debug|Any CPU
		{B9B03BEF-2B09-43C3-A14E-E297E2100FE1}.Release|Any CPU.ActiveCfg = Release|Any CPU
		{00245123-FEBB-4AF3-99E5-223142A598C8}.Debug|Any CPU.ActiveCfg = Debug|Any CPU
		{00245123-FEBB-4AF3-99E5-223142A598C8}.Debug|Any CPU.Build.0 = Debug|Any CPU
		{00245123-FEBB-4AF3-99E5-223142A598C8}.Release|Any CPU.ActiveCfg = Release|Any CPU
		{00245123-FEBB-4AF3-99E5-223142A598C8}.Release|Any CPU.Build.0 = Release|Any CPU
		{9B154406-0AF6-45A9-BF32-9C5C23822B6B}.Debug|Any CPU.ActiveCfg = Debug|Any CPU
		{9B154406-0AF6-45A9-BF32-9C5C23822B6B}.Debug|Any CPU.Build.0 = Debug|Any CPU
		{9B154406-0AF6-45A9-BF32-9C5C23822B6B}.Release|Any CPU.ActiveCfg = Release|Any CPU
		{9B154406-0AF6-45A9-BF32-9C5C23822B6B}.Release|Any CPU.Build.0 = Release|Any CPU
		{000DE400-B843-4C58-8A20-8ED95FE91FD3}.Debug|Any CPU.ActiveCfg = Debug|Any CPU
		{000DE400-B843-4C58-8A20-8ED95FE91FD3}.Release|Any CPU.ActiveCfg = Release|Any CPU
		{000DE400-B843-4C58-8A20-8ED95FE91FD3}.Release|Any CPU.Build.0 = Release|Any CPU
		{3755A099-7EE1-4593-9BB0-50DA67039C99}.Debug|Any CPU.ActiveCfg = Debug|Any CPU
		{3755A099-7EE1-4593-9BB0-50DA67039C99}.Debug|Any CPU.Build.0 = Debug|Any CPU
		{3755A099-7EE1-4593-9BB0-50DA67039C99}.Release|Any CPU.ActiveCfg = Release|Any CPU
		{3755A099-7EE1-4593-9BB0-50DA67039C99}.Release|Any CPU.Build.0 = Release|Any CPU
		{04CDA1BF-6FC4-4813-B299-4BDF8B8AE696}.Debug|Any CPU.ActiveCfg = Debug|Any CPU
		{04CDA1BF-6FC4-4813-B299-4BDF8B8AE696}.Debug|Any CPU.Build.0 = Debug|Any CPU
		{04CDA1BF-6FC4-4813-B299-4BDF8B8AE696}.Release|Any CPU.ActiveCfg = Release|Any CPU
		{04CDA1BF-6FC4-4813-B299-4BDF8B8AE696}.Release|Any CPU.Build.0 = Release|Any CPU
		{964F11D4-DB1A-4032-B532-F2351DA730BE}.Debug|Any CPU.ActiveCfg = Debug|Any CPU
		{964F11D4-DB1A-4032-B532-F2351DA730BE}.Debug|Any CPU.Build.0 = Debug|Any CPU
		{964F11D4-DB1A-4032-B532-F2351DA730BE}.Release|Any CPU.ActiveCfg = Release|Any CPU
		{964F11D4-DB1A-4032-B532-F2351DA730BE}.Release|Any CPU.Build.0 = Release|Any CPU
		{855E39DF-F247-4D3E-A20C-50075656E70B}.Debug|Any CPU.ActiveCfg = Debug|Any CPU
		{855E39DF-F247-4D3E-A20C-50075656E70B}.Debug|Any CPU.Build.0 = Debug|Any CPU
		{855E39DF-F247-4D3E-A20C-50075656E70B}.Release|Any CPU.ActiveCfg = Release|Any CPU
		{855E39DF-F247-4D3E-A20C-50075656E70B}.Release|Any CPU.Build.0 = Release|Any CPU
		{6CF09EE9-3B4B-483A-BA09-1E4997CC4321}.Debug|Any CPU.ActiveCfg = Debug|Any CPU
		{6CF09EE9-3B4B-483A-BA09-1E4997CC4321}.Debug|Any CPU.Build.0 = Debug|Any CPU
		{6CF09EE9-3B4B-483A-BA09-1E4997CC4321}.Release|Any CPU.ActiveCfg = Release|Any CPU
		{6CF09EE9-3B4B-483A-BA09-1E4997CC4321}.Release|Any CPU.Build.0 = Release|Any CPU
		{AB78A0F2-0C05-4822-B0B8-0F9486498774}.Debug|Any CPU.ActiveCfg = Debug|Any CPU
		{AB78A0F2-0C05-4822-B0B8-0F9486498774}.Debug|Any CPU.Build.0 = Debug|Any CPU
		{AB78A0F2-0C05-4822-B0B8-0F9486498774}.Release|Any CPU.ActiveCfg = Release|Any CPU
		{AB78A0F2-0C05-4822-B0B8-0F9486498774}.Release|Any CPU.Build.0 = Release|Any CPU
		{7972423C-6BBD-4C1C-B970-5F9AFCB44824}.Debug|Any CPU.ActiveCfg = Debug|Any CPU
		{7972423C-6BBD-4C1C-B970-5F9AFCB44824}.Debug|Any CPU.Build.0 = Debug|Any CPU
		{7972423C-6BBD-4C1C-B970-5F9AFCB44824}.Release|Any CPU.ActiveCfg = Release|Any CPU
		{7972423C-6BBD-4C1C-B970-5F9AFCB44824}.Release|Any CPU.Build.0 = Release|Any CPU
		{EA87904C-7234-4F0E-A893-3636E38CC12C}.Debug|Any CPU.ActiveCfg = Debug|Any CPU
		{EA87904C-7234-4F0E-A893-3636E38CC12C}.Debug|Any CPU.Build.0 = Debug|Any CPU
		{EA87904C-7234-4F0E-A893-3636E38CC12C}.Release|Any CPU.ActiveCfg = Release|Any CPU
		{EA87904C-7234-4F0E-A893-3636E38CC12C}.Release|Any CPU.Build.0 = Release|Any CPU
		{85E73E45-5F74-4A58-9F07-E19BDCEF3C1F}.Debug|Any CPU.ActiveCfg = Debug|Any CPU
		{85E73E45-5F74-4A58-9F07-E19BDCEF3C1F}.Debug|Any CPU.Build.0 = Debug|Any CPU
		{85E73E45-5F74-4A58-9F07-E19BDCEF3C1F}.Release|Any CPU.ActiveCfg = Release|Any CPU
		{85E73E45-5F74-4A58-9F07-E19BDCEF3C1F}.Release|Any CPU.Build.0 = Release|Any CPU
		{F5045AA6-B1EC-48B5-85E3-903B5FEE8E2A}.Debug|Any CPU.ActiveCfg = Debug|Any CPU
		{F5045AA6-B1EC-48B5-85E3-903B5FEE8E2A}.Debug|Any CPU.Build.0 = Debug|Any CPU
		{F5045AA6-B1EC-48B5-85E3-903B5FEE8E2A}.Release|Any CPU.ActiveCfg = Release|Any CPU
		{F5045AA6-B1EC-48B5-85E3-903B5FEE8E2A}.Release|Any CPU.Build.0 = Release|Any CPU
		{4E848DA2-236E-4030-9C03-5B8FCD138843}.Debug|Any CPU.ActiveCfg = Debug|Any CPU
		{4E848DA2-236E-4030-9C03-5B8FCD138843}.Debug|Any CPU.Build.0 = Debug|Any CPU
		{4E848DA2-236E-4030-9C03-5B8FCD138843}.Release|Any CPU.ActiveCfg = Release|Any CPU
		{4E848DA2-236E-4030-9C03-5B8FCD138843}.Release|Any CPU.Build.0 = Release|Any CPU
		{E352D05E-8149-4DA2-A7F2-C6DBA08350D3}.Debug|Any CPU.ActiveCfg = Debug|Any CPU
		{E352D05E-8149-4DA2-A7F2-C6DBA08350D3}.Debug|Any CPU.Build.0 = Debug|Any CPU
		{E352D05E-8149-4DA2-A7F2-C6DBA08350D3}.Release|Any CPU.ActiveCfg = Release|Any CPU
		{E352D05E-8149-4DA2-A7F2-C6DBA08350D3}.Release|Any CPU.Build.0 = Release|Any CPU
		{1576C435-186D-4502-B8E2-070E8EB94F60}.Debug|Any CPU.ActiveCfg = Debug|Any CPU
		{1576C435-186D-4502-B8E2-070E8EB94F60}.Debug|Any CPU.Build.0 = Debug|Any CPU
		{1576C435-186D-4502-B8E2-070E8EB94F60}.Release|Any CPU.ActiveCfg = Release|Any CPU
		{1576C435-186D-4502-B8E2-070E8EB94F60}.Release|Any CPU.Build.0 = Release|Any CPU
		{3311C918-B662-436D-8BC8-F38B447B1414}.Debug|Any CPU.ActiveCfg = Debug|Any CPU
		{3311C918-B662-436D-8BC8-F38B447B1414}.Debug|Any CPU.Build.0 = Debug|Any CPU
		{3311C918-B662-436D-8BC8-F38B447B1414}.Release|Any CPU.ActiveCfg = Release|Any CPU
		{3311C918-B662-436D-8BC8-F38B447B1414}.Release|Any CPU.Build.0 = Release|Any CPU
	EndGlobalSection
	GlobalSection(SolutionProperties) = preSolution
		HideSolutionNode = FALSE
	EndGlobalSection
	GlobalSection(NestedProjects) = preSolution
		{B9A5F92C-0B80-426C-B0D7-F94C26E6B77D} = {472161E9-B67F-444A-A33F-3095A928FA48}
		{0356E7DE-C73C-431E-8B7D-7AB2024C4756} = {472161E9-B67F-444A-A33F-3095A928FA48}
		{000DE400-B843-4C58-8A20-8ED95FE91FD3} = {472161E9-B67F-444A-A33F-3095A928FA48}
		{3755A099-7EE1-4593-9BB0-50DA67039C99} = {468F14C9-25EE-4E61-91F0-CB4415E48A6C}
		{04CDA1BF-6FC4-4813-B299-4BDF8B8AE696} = {472161E9-B67F-444A-A33F-3095A928FA48}
		{964F11D4-DB1A-4032-B532-F2351DA730BE} = {468F14C9-25EE-4E61-91F0-CB4415E48A6C}
		{855E39DF-F247-4D3E-A20C-50075656E70B} = {D3A004A0-6784-4D1A-BC94-F070C2846400}
		{6CF09EE9-3B4B-483A-BA09-1E4997CC4321} = {D3A004A0-6784-4D1A-BC94-F070C2846400}
		{AB78A0F2-0C05-4822-B0B8-0F9486498774} = {D3A004A0-6784-4D1A-BC94-F070C2846400}
		{7972423C-6BBD-4C1C-B970-5F9AFCB44824} = {D3A004A0-6784-4D1A-BC94-F070C2846400}
		{EA87904C-7234-4F0E-A893-3636E38CC12C} = {D3A004A0-6784-4D1A-BC94-F070C2846400}
		{85E73E45-5F74-4A58-9F07-E19BDCEF3C1F} = {468F14C9-25EE-4E61-91F0-CB4415E48A6C}
		{F5045AA6-B1EC-48B5-85E3-903B5FEE8E2A} = {D3A004A0-6784-4D1A-BC94-F070C2846400}
		{4E848DA2-236E-4030-9C03-5B8FCD138843} = {468F14C9-25EE-4E61-91F0-CB4415E48A6C}
		{E352D05E-8149-4DA2-A7F2-C6DBA08350D3} = {D3A004A0-6784-4D1A-BC94-F070C2846400}
		{1576C435-186D-4502-B8E2-070E8EB94F60} = {468F14C9-25EE-4E61-91F0-CB4415E48A6C}
		{D3A004A0-6784-4D1A-BC94-F070C2846400} = {468F14C9-25EE-4E61-91F0-CB4415E48A6C}
	EndGlobalSection
	GlobalSection(ExtensibilityGlobals) = postSolution
		SolutionGuid = {896DE7C7-4ACA-4B9C-B875-25E21213CDA8}
	EndGlobalSection
EndGlobal
